
Microsoft Visual Studio Solution File, Format Version 12.00
# Visual Studio Version 16
VisualStudioVersion = 16.0.30717.126
MinimumVisualStudioVersion = 10.0.40219.1
Project("{FAE04EC0-301F-11D3-BF4B-00C04F79EFBC}") = "VaR", "VaR\VaR.csproj", "{6107B0CE-1CFA-44E2-A013-DD17A248B16D}"
EndProject
Global
	GlobalSection(SolutionConfigurationPlatforms) = preSolution
		Debug|Any CPU = Debug|Any CPU
		Release|Any CPU = Release|Any CPU
	EndGlobalSection
	GlobalSection(ProjectConfigurationPlatforms) = postSolution
		{6107B0CE-1CFA-44E2-A013-DD17A248B16D}.Debug|Any CPU.ActiveCfg = Debug|Any CPU
		{6107B0CE-1CFA-44E2-A013-DD17A248B16D}.Debug|Any CPU.Build.0 = Debug|Any CPU
		{6107B0CE-1CFA-44E2-A013-DD17A248B16D}.Release|Any CPU.ActiveCfg = Release|Any CPU
		{6107B0CE-1CFA-44E2-A013-DD17A248B16D}.Release|Any CPU.Build.0 = Release|Any CPU
	EndGlobalSection
	GlobalSection(SolutionProperties) = preSolution
		HideSolutionNode = FALSE
	EndGlobalSection
	GlobalSection(ExtensibilityGlobals) = postSolution
		SolutionGuid = {A73948EC-3A66-4C1E-AC86-381774AA2016}
	EndGlobalSection
EndGlobal
